# noinspection YAMLSchemaValidation
scenamatica: ${project.version}

name: actions_block
description: Testing block action works or not
on:
  - type: on_load
  - type: manual_dispatch

context:
  actors:
    - name: Actor001


scenario:
  - type: execute
    action: block
    with:
      block:
        location:
          x: 0
          y: 0
          z: 0
      data:
        type: bedrock
  - type: require
    action: block
    with:
      block:
        location:
          x: 0
          y: 0
          z: 0
      data:
        type: bedrock
